
Microsoft Visual Studio Solution File, Format Version 12.00
# Visual Studio 15
VisualStudioVersion = 15.0.27130.2010
MinimumVisualStudioVersion = 10.0.40219.1
Project("{9A19103F-16F7-4668-BE54-9A1E7A4F7556}") = "Stunts.CSharp", "Stunts.CSharp\Stunts.CSharp.csproj", "{2ECBF73E-266C-4124-A1D9-8BD9917DA0D9}"
EndProject
Project("{778DAE3C-4631-46EA-AA77-85C1314464D9}") = "Stunts.VisualBasic", "Stunts.VisualBasic\Stunts.VisualBasic.vbproj", "{4FB91327-EE2B-4912-B4E0-211D3AC855F1}"
EndProject
Project("{9A19103F-16F7-4668-BE54-9A1E7A4F7556}") = "Moq.CSharp", "Moq.CSharp\Moq.CSharp.csproj", "{D37B0764-9385-450B-96D3-38296BD2C50E}"
EndProject
Project("{778DAE3C-4631-46EA-AA77-85C1314464D9}") = "Moq.VisualBasic", "Moq.VisualBasic\Moq.VisualBasic.vbproj", "{82E587FD-CD00-4007-B37D-AFE92F685689}"
EndProject
Project("{9A19103F-16F7-4668-BE54-9A1E7A4F7556}") = "Sample", "Sample\Sample.csproj", "{2C21C0D3-E461-4484-B2AC-91A9C5772325}"
EndProject
Project("{2150E333-8FDC-42A3-9474-1A3956D46DE8}") = "Sdk", "Sdk", "{DC06C5F4-4D4B-456B-8BA7-A20B3599701E}"
EndProject
Project("{9A19103F-16F7-4668-BE54-9A1E7A4F7556}") = "Stunts", "..\Stunts\Stunts\Stunts.csproj", "{4050B6B5-E06E-4F13-8DE7-D97747059841}"
EndProject
Project("{9A19103F-16F7-4668-BE54-9A1E7A4F7556}") = "Moq.Sdk", "..\Moq\Moq.Sdk\Moq.Sdk.csproj", "{39BB8D00-B6E8-417A-85E3-73996B13208F}"
EndProject
Project("{9A19103F-16F7-4668-BE54-9A1E7A4F7556}") = "Moq", "..\Moq\Moq\Moq.csproj", "{579C5F30-3E7E-4688-809F-5238156475B5}"
EndProject
Global
	GlobalSection(SolutionConfigurationPlatforms) = preSolution
		Debug|Any CPU = Debug|Any CPU
		Release|Any CPU = Release|Any CPU
	EndGlobalSection
	GlobalSection(ProjectConfigurationPlatforms) = postSolution
		{2ECBF73E-266C-4124-A1D9-8BD9917DA0D9}.Debug|Any CPU.ActiveCfg = Debug|Any CPU
		{2ECBF73E-266C-4124-A1D9-8BD9917DA0D9}.Debug|Any CPU.Build.0 = Debug|Any CPU
		{2ECBF73E-266C-4124-A1D9-8BD9917DA0D9}.Release|Any CPU.ActiveCfg = Release|Any CPU
		{2ECBF73E-266C-4124-A1D9-8BD9917DA0D9}.Release|Any CPU.Build.0 = Release|Any CPU
		{4FB91327-EE2B-4912-B4E0-211D3AC855F1}.Debug|Any CPU.ActiveCfg = Debug|Any CPU
		{4FB91327-EE2B-4912-B4E0-211D3AC855F1}.Debug|Any CPU.Build.0 = Debug|Any CPU
		{4FB91327-EE2B-4912-B4E0-211D3AC855F1}.Release|Any CPU.ActiveCfg = Release|Any CPU
		{4FB91327-EE2B-4912-B4E0-211D3AC855F1}.Release|Any CPU.Build.0 = Release|Any CPU
		{D37B0764-9385-450B-96D3-38296BD2C50E}.Debug|Any CPU.ActiveCfg = Debug|Any CPU
		{D37B0764-9385-450B-96D3-38296BD2C50E}.Debug|Any CPU.Build.0 = Debug|Any CPU
		{D37B0764-9385-450B-96D3-38296BD2C50E}.Release|Any CPU.ActiveCfg = Release|Any CPU
		{D37B0764-9385-450B-96D3-38296BD2C50E}.Release|Any CPU.Build.0 = Release|Any CPU
		{82E587FD-CD00-4007-B37D-AFE92F685689}.Debug|Any CPU.ActiveCfg = Debug|Any CPU
		{82E587FD-CD00-4007-B37D-AFE92F685689}.Debug|Any CPU.Build.0 = Debug|Any CPU
		{82E587FD-CD00-4007-B37D-AFE92F685689}.Release|Any CPU.ActiveCfg = Release|Any CPU
		{82E587FD-CD00-4007-B37D-AFE92F685689}.Release|Any CPU.Build.0 = Release|Any CPU
		{2C21C0D3-E461-4484-B2AC-91A9C5772325}.Debug|Any CPU.ActiveCfg = Debug|Any CPU
		{2C21C0D3-E461-4484-B2AC-91A9C5772325}.Debug|Any CPU.Build.0 = Debug|Any CPU
		{2C21C0D3-E461-4484-B2AC-91A9C5772325}.Release|Any CPU.ActiveCfg = Release|Any CPU
		{2C21C0D3-E461-4484-B2AC-91A9C5772325}.Release|Any CPU.Build.0 = Release|Any CPU
		{4050B6B5-E06E-4F13-8DE7-D97747059841}.Debug|Any CPU.ActiveCfg = Debug|Any CPU
		{4050B6B5-E06E-4F13-8DE7-D97747059841}.Debug|Any CPU.Build.0 = Debug|Any CPU
		{4050B6B5-E06E-4F13-8DE7-D97747059841}.Release|Any CPU.ActiveCfg = Release|Any CPU
		{4050B6B5-E06E-4F13-8DE7-D97747059841}.Release|Any CPU.Build.0 = Release|Any CPU
		{39BB8D00-B6E8-417A-85E3-73996B13208F}.Debug|Any CPU.ActiveCfg = Debug|Any CPU
		{39BB8D00-B6E8-417A-85E3-73996B13208F}.Debug|Any CPU.Build.0 = Debug|Any CPU
		{39BB8D00-B6E8-417A-85E3-73996B13208F}.Release|Any CPU.ActiveCfg = Release|Any CPU
		{39BB8D00-B6E8-417A-85E3-73996B13208F}.Release|Any CPU.Build.0 = Release|Any CPU
		{579C5F30-3E7E-4688-809F-5238156475B5}.Debug|Any CPU.ActiveCfg = Debug|Any CPU
		{579C5F30-3E7E-4688-809F-5238156475B5}.Debug|Any CPU.Build.0 = Debug|Any CPU
		{579C5F30-3E7E-4688-809F-5238156475B5}.Release|Any CPU.ActiveCfg = Release|Any CPU
		{579C5F30-3E7E-4688-809F-5238156475B5}.Release|Any CPU.Build.0 = Release|Any CPU
	EndGlobalSection
	GlobalSection(SolutionProperties) = preSolution
		HideSolutionNode = FALSE
	EndGlobalSection
	GlobalSection(NestedProjects) = preSolution
		{4050B6B5-E06E-4F13-8DE7-D97747059841} = {DC06C5F4-4D4B-456B-8BA7-A20B3599701E}
		{39BB8D00-B6E8-417A-85E3-73996B13208F} = {DC06C5F4-4D4B-456B-8BA7-A20B3599701E}
		{579C5F30-3E7E-4688-809F-5238156475B5} = {DC06C5F4-4D4B-456B-8BA7-A20B3599701E}
	EndGlobalSection
	GlobalSection(ExtensibilityGlobals) = postSolution
		SolutionGuid = {FB034936-6446-4000-877B-DB0D9E9F0555}
	EndGlobalSection
EndGlobal
