
Microsoft Visual Studio Solution File, Format Version 12.00
# Visual Studio 15
VisualStudioVersion = 15.0.27130.2010
MinimumVisualStudioVersion = 10.0.40219.1
Project("{9A19103F-16F7-4668-BE54-9A1E7A4F7556}") = "Stunts.CSharp", "Stunts.CSharp\Stunts.CSharp.csproj", "{2ECBF73E-266C-4124-A1D9-8BD9917DA0D9}"
EndProject
Project("{778DAE3C-4631-46EA-AA77-85C1314464D9}") = "Stunts.VisualBasic", "Stunts.VisualBasic\Stunts.VisualBasic.vbproj", "{4FB91327-EE2B-4912-B4E0-211D3AC855F1}"
EndProject
Project("{9A19103F-16F7-4668-BE54-9A1E7A4F7556}") = "Moq.CSharp", "Moq.CSharp\Moq.CSharp.csproj", "{D37B0764-9385-450B-96D3-38296BD2C50E}"
EndProject
Project("{778DAE3C-4631-46EA-AA77-85C1314464D9}") = "Moq.VisualBasic", "Moq.VisualBasic\Moq.VisualBasic.vbproj", "{82E587FD-CD00-4007-B37D-AFE92F685689}"
EndProject
Project("{9A19103F-16F7-4668-BE54-9A1E7A4F7556}") = "Sample", "Sample\Sample.csproj", "{2C21C0D3-E461-4484-B2AC-91A9C5772325}"
EndProject
Global
	GlobalSection(SolutionConfigurationPlatforms) = preSolution
		Debug|Any CPU = Debug|Any CPU
		Release|Any CPU = Release|Any CPU
	EndGlobalSection
	GlobalSection(ProjectConfigurationPlatforms) = postSolution
		{2ECBF73E-266C-4124-A1D9-8BD9917DA0D9}.Debug|Any CPU.ActiveCfg = Debug|Any CPU
		{2ECBF73E-266C-4124-A1D9-8BD9917DA0D9}.Debug|Any CPU.Build.0 = Debug|Any CPU
		{2ECBF73E-266C-4124-A1D9-8BD9917DA0D9}.Release|Any CPU.ActiveCfg = Release|Any CPU
		{2ECBF73E-266C-4124-A1D9-8BD9917DA0D9}.Release|Any CPU.Build.0 = Release|Any CPU
		{4FB91327-EE2B-4912-B4E0-211D3AC855F1}.Debug|Any CPU.ActiveCfg = Debug|Any CPU
		{4FB91327-EE2B-4912-B4E0-211D3AC855F1}.Debug|Any CPU.Build.0 = Debug|Any CPU
		{4FB91327-EE2B-4912-B4E0-211D3AC855F1}.Release|Any CPU.ActiveCfg = Release|Any CPU
		{4FB91327-EE2B-4912-B4E0-211D3AC855F1}.Release|Any CPU.Build.0 = Release|Any CPU
		{D37B0764-9385-450B-96D3-38296BD2C50E}.Debug|Any CPU.ActiveCfg = Debug|Any CPU
		{D37B0764-9385-450B-96D3-38296BD2C50E}.Debug|Any CPU.Build.0 = Debug|Any CPU
		{D37B0764-9385-450B-96D3-38296BD2C50E}.Release|Any CPU.ActiveCfg = Release|Any CPU
		{D37B0764-9385-450B-96D3-38296BD2C50E}.Release|Any CPU.Build.0 = Release|Any CPU
		{82E587FD-CD00-4007-B37D-AFE92F685689}.Debug|Any CPU.ActiveCfg = Debug|Any CPU
		{82E587FD-CD00-4007-B37D-AFE92F685689}.Debug|Any CPU.Build.0 = Debug|Any CPU
		{82E587FD-CD00-4007-B37D-AFE92F685689}.Release|Any CPU.ActiveCfg = Release|Any CPU
		{82E587FD-CD00-4007-B37D-AFE92F685689}.Release|Any CPU.Build.0 = Release|Any CPU
		{2C21C0D3-E461-4484-B2AC-91A9C5772325}.Debug|Any CPU.ActiveCfg = Debug|Any CPU
		{2C21C0D3-E461-4484-B2AC-91A9C5772325}.Debug|Any CPU.Build.0 = Debug|Any CPU
		{2C21C0D3-E461-4484-B2AC-91A9C5772325}.Release|Any CPU.ActiveCfg = Release|Any CPU
		{2C21C0D3-E461-4484-B2AC-91A9C5772325}.Release|Any CPU.Build.0 = Release|Any CPU
	EndGlobalSection
	GlobalSection(SolutionProperties) = preSolution
		HideSolutionNode = FALSE
	EndGlobalSection
	GlobalSection(ExtensibilityGlobals) = postSolution
		SolutionGuid = {FB034936-6446-4000-877B-DB0D9E9F0555}
	EndGlobalSection
EndGlobal
