
Microsoft Visual Studio Solution File, Format Version 12.00
# Visual Studio 15
VisualStudioVersion = 15.0.27110.0
MinimumVisualStudioVersion = 10.0.40219.1
Project("{9A19103F-16F7-4668-BE54-9A1E7A4F7556}") = "Moq.Sdk", "Sdk\Moq.Sdk.csproj", "{234A39D6-6265-462D-A482-6A22BD351718}"
EndProject
Project("{9A19103F-16F7-4668-BE54-9A1E7A4F7556}") = "Moq.Proxy", "Proxy\Proxy\Moq.Proxy.csproj", "{A9CAB427-8B19-4623-9C03-91AE0AA58ED2}"
EndProject
Project("{9A19103F-16F7-4668-BE54-9A1E7A4F7556}") = "Moq.Sdk.Tests", "..\test\Sdk.Tests\Moq.Sdk.Tests.csproj", "{EB66BC5E-4072-4F26-9772-979D8561883F}"
EndProject
Project("{D954291E-2A0B-460D-934E-DC6B0785DB48}") = "Moq.Testing", "..\test\Moq.Testing\Moq.Testing.shproj", "{1BD7DFDE-2FC8-4899-9903-6CA5724CC185}"
EndProject
Project("{9A19103F-16F7-4668-BE54-9A1E7A4F7556}") = "Moq.Proxy.Generator", "Proxy\Proxy.Generator\Moq.Proxy.Generator.csproj", "{9115EAB8-8897-4454-8270-0156EBA6A5DF}"
EndProject
Project("{9A19103F-16F7-4668-BE54-9A1E7A4F7556}") = "Moq.Proxy.Generator.Build", "Proxy\Proxy.Generator.Build\Moq.Proxy.Generator.Build.csproj", "{35ED3B8A-E10A-42A6-BD81-DCE46480A6F2}"
EndProject
Project("{9A19103F-16F7-4668-BE54-9A1E7A4F7556}") = "ManualProxies", "..\test\ManualProxies\ManualProxies.csproj", "{9952FC0D-48B0-4F60-81E3-C9ADE3BE6475}"
EndProject
Project("{9A19103F-16F7-4668-BE54-9A1E7A4F7556}") = "Moq.Proxy.Tests", "..\test\Proxy.Tests\Moq.Proxy.Tests.csproj", "{377223FA-B07C-4E99-852A-0D4E5D0A4347}"
EndProject
Project("{9A19103F-16F7-4668-BE54-9A1E7A4F7556}") = "Moq.Analyzer", "Analyzer\Moq.Analyzer.csproj", "{D6C737CA-5E8C-49F2-96DA-4062264D6866}"
EndProject
Project("{2150E333-8FDC-42A3-9474-1A3956D46DE8}") = "Solution Items", "Solution Items", "{072E955D-AE09-41B0-810C-7A005CF276CA}"
	ProjectSection(SolutionItems) = preProject
		..\appveyor.yml = ..\appveyor.yml
		..\build.cmd = ..\build.cmd
		..\build.proj = ..\build.proj
		Directory.Build.props = Directory.Build.props
		..\Directory.Build.props = ..\Directory.Build.props
		Directory.Build.targets = Directory.Build.targets
		..\Directory.Build.targets = ..\Directory.Build.targets
		Version.targets = Version.targets
	EndProjectSection
EndProject
Project("{9A19103F-16F7-4668-BE54-9A1E7A4F7556}") = "Moq.Proxy.Generator.Console", "Proxy\Proxy.Generator.Console\Moq.Proxy.Generator.Console.csproj", "{886905FA-99B0-48E8-BD3E-6C6ED96CE69F}"
EndProject
Project("{9A19103F-16F7-4668-BE54-9A1E7A4F7556}") = "Moq.Proxy.Sdk", "Proxy\Proxy.Sdk\Moq.Proxy.Sdk.csproj", "{8E379F7D-D919-4104-AB74-B5C071EBD0A4}"
EndProject
Project("{9A19103F-16F7-4668-BE54-9A1E7A4F7556}") = "Moq.Sdk.Generator", "Sdk.Generator\Moq.Sdk.Generator.csproj", "{00D2D86C-1B49-4E6A-A659-30DBC01F9761}"
EndProject
Project("{9A19103F-16F7-4668-BE54-9A1E7A4F7556}") = "Moq.Proxy.Internal", "Proxy\Proxy.Internal\Moq.Proxy.Internal.csproj", "{FE12FA41-C5F8-4E38-AB9B-A70F20AD9011}"
EndProject
Global
	GlobalSection(SharedMSBuildProjectFiles) = preSolution
		..\test\Moq.Testing\Moq.Testing.projitems*{1bd7dfde-2fc8-4899-9903-6ca5724cc185}*SharedItemsImports = 13
	EndGlobalSection
	GlobalSection(SolutionConfigurationPlatforms) = preSolution
		Debug|Any CPU = Debug|Any CPU
		Release|Any CPU = Release|Any CPU
	EndGlobalSection
	GlobalSection(ProjectConfigurationPlatforms) = postSolution
		{234A39D6-6265-462D-A482-6A22BD351718}.Debug|Any CPU.ActiveCfg = Debug|Any CPU
		{234A39D6-6265-462D-A482-6A22BD351718}.Debug|Any CPU.Build.0 = Debug|Any CPU
		{234A39D6-6265-462D-A482-6A22BD351718}.Release|Any CPU.ActiveCfg = Release|Any CPU
		{234A39D6-6265-462D-A482-6A22BD351718}.Release|Any CPU.Build.0 = Release|Any CPU
		{A9CAB427-8B19-4623-9C03-91AE0AA58ED2}.Debug|Any CPU.ActiveCfg = Debug|Any CPU
		{A9CAB427-8B19-4623-9C03-91AE0AA58ED2}.Debug|Any CPU.Build.0 = Debug|Any CPU
		{A9CAB427-8B19-4623-9C03-91AE0AA58ED2}.Release|Any CPU.ActiveCfg = Release|Any CPU
		{A9CAB427-8B19-4623-9C03-91AE0AA58ED2}.Release|Any CPU.Build.0 = Release|Any CPU
		{EB66BC5E-4072-4F26-9772-979D8561883F}.Debug|Any CPU.ActiveCfg = Debug|Any CPU
		{EB66BC5E-4072-4F26-9772-979D8561883F}.Debug|Any CPU.Build.0 = Debug|Any CPU
		{EB66BC5E-4072-4F26-9772-979D8561883F}.Release|Any CPU.ActiveCfg = Release|Any CPU
		{EB66BC5E-4072-4F26-9772-979D8561883F}.Release|Any CPU.Build.0 = Release|Any CPU
		{9115EAB8-8897-4454-8270-0156EBA6A5DF}.Debug|Any CPU.ActiveCfg = Debug|Any CPU
		{9115EAB8-8897-4454-8270-0156EBA6A5DF}.Debug|Any CPU.Build.0 = Debug|Any CPU
		{9115EAB8-8897-4454-8270-0156EBA6A5DF}.Release|Any CPU.ActiveCfg = Release|Any CPU
		{9115EAB8-8897-4454-8270-0156EBA6A5DF}.Release|Any CPU.Build.0 = Release|Any CPU
		{35ED3B8A-E10A-42A6-BD81-DCE46480A6F2}.Debug|Any CPU.ActiveCfg = Debug|Any CPU
		{35ED3B8A-E10A-42A6-BD81-DCE46480A6F2}.Debug|Any CPU.Build.0 = Debug|Any CPU
		{35ED3B8A-E10A-42A6-BD81-DCE46480A6F2}.Release|Any CPU.ActiveCfg = Release|Any CPU
		{35ED3B8A-E10A-42A6-BD81-DCE46480A6F2}.Release|Any CPU.Build.0 = Release|Any CPU
		{9952FC0D-48B0-4F60-81E3-C9ADE3BE6475}.Debug|Any CPU.ActiveCfg = Debug|Any CPU
		{9952FC0D-48B0-4F60-81E3-C9ADE3BE6475}.Debug|Any CPU.Build.0 = Debug|Any CPU
		{9952FC0D-48B0-4F60-81E3-C9ADE3BE6475}.Release|Any CPU.ActiveCfg = Release|Any CPU
		{9952FC0D-48B0-4F60-81E3-C9ADE3BE6475}.Release|Any CPU.Build.0 = Release|Any CPU
		{377223FA-B07C-4E99-852A-0D4E5D0A4347}.Debug|Any CPU.ActiveCfg = Debug|Any CPU
		{377223FA-B07C-4E99-852A-0D4E5D0A4347}.Debug|Any CPU.Build.0 = Debug|Any CPU
		{377223FA-B07C-4E99-852A-0D4E5D0A4347}.Release|Any CPU.ActiveCfg = Release|Any CPU
		{377223FA-B07C-4E99-852A-0D4E5D0A4347}.Release|Any CPU.Build.0 = Release|Any CPU
		{D6C737CA-5E8C-49F2-96DA-4062264D6866}.Debug|Any CPU.ActiveCfg = Debug|Any CPU
		{D6C737CA-5E8C-49F2-96DA-4062264D6866}.Debug|Any CPU.Build.0 = Debug|Any CPU
		{D6C737CA-5E8C-49F2-96DA-4062264D6866}.Release|Any CPU.ActiveCfg = Release|Any CPU
		{D6C737CA-5E8C-49F2-96DA-4062264D6866}.Release|Any CPU.Build.0 = Release|Any CPU
		{886905FA-99B0-48E8-BD3E-6C6ED96CE69F}.Debug|Any CPU.ActiveCfg = Debug|Any CPU
		{886905FA-99B0-48E8-BD3E-6C6ED96CE69F}.Debug|Any CPU.Build.0 = Debug|Any CPU
		{886905FA-99B0-48E8-BD3E-6C6ED96CE69F}.Release|Any CPU.ActiveCfg = Release|Any CPU
		{886905FA-99B0-48E8-BD3E-6C6ED96CE69F}.Release|Any CPU.Build.0 = Release|Any CPU
		{8E379F7D-D919-4104-AB74-B5C071EBD0A4}.Debug|Any CPU.ActiveCfg = Debug|Any CPU
		{8E379F7D-D919-4104-AB74-B5C071EBD0A4}.Debug|Any CPU.Build.0 = Debug|Any CPU
		{8E379F7D-D919-4104-AB74-B5C071EBD0A4}.Release|Any CPU.ActiveCfg = Release|Any CPU
		{8E379F7D-D919-4104-AB74-B5C071EBD0A4}.Release|Any CPU.Build.0 = Release|Any CPU
		{00D2D86C-1B49-4E6A-A659-30DBC01F9761}.Debug|Any CPU.ActiveCfg = Debug|Any CPU
		{00D2D86C-1B49-4E6A-A659-30DBC01F9761}.Debug|Any CPU.Build.0 = Debug|Any CPU
		{00D2D86C-1B49-4E6A-A659-30DBC01F9761}.Release|Any CPU.ActiveCfg = Release|Any CPU
		{00D2D86C-1B49-4E6A-A659-30DBC01F9761}.Release|Any CPU.Build.0 = Release|Any CPU
		{FE12FA41-C5F8-4E38-AB9B-A70F20AD9011}.Debug|Any CPU.ActiveCfg = Debug|Any CPU
		{FE12FA41-C5F8-4E38-AB9B-A70F20AD9011}.Debug|Any CPU.Build.0 = Debug|Any CPU
		{FE12FA41-C5F8-4E38-AB9B-A70F20AD9011}.Release|Any CPU.ActiveCfg = Release|Any CPU
		{FE12FA41-C5F8-4E38-AB9B-A70F20AD9011}.Release|Any CPU.Build.0 = Release|Any CPU
	EndGlobalSection
	GlobalSection(SolutionProperties) = preSolution
		HideSolutionNode = FALSE
	EndGlobalSection
	GlobalSection(ExtensibilityGlobals) = postSolution
		SolutionGuid = {1E67FD74-207D-4124-875F-5267534031B9}
	EndGlobalSection
EndGlobal
