
Microsoft Visual Studio Solution File, Format Version 12.00
# Visual Studio Version 16
VisualStudioVersion = 16.0.28417.167
MinimumVisualStudioVersion = 10.0.40219.1
Project("{9A19103F-16F7-4668-BE54-9A1E7A4F7556}") = "Moq", "Moq\Moq\Moq.csproj", "{65F3AB28-9A74-405E-83B2-420D5AD5A459}"
EndProject
Project("{2150E333-8FDC-42A3-9474-1A3956D46DE8}") = "Solution Items", "Solution Items", "{2093478C-CEA6-4034-BCDE-EDC7A5DD4532}"
	ProjectSection(SolutionItems) = preProject
		..\.editorconfig = ..\.editorconfig
		..\azure-pipelines.yml = ..\azure-pipelines.yml
		..\build.proj = ..\build.proj
		..\CODE_OF_CONDUCT.md = ..\CODE_OF_CONDUCT.md
		Directory.Build.props = Directory.Build.props
		Directory.Build.targets = Directory.Build.targets
		GitInfo.txt = GitInfo.txt
		..\global.json = ..\global.json
		..\NuGet.Config = ..\NuGet.Config
		Packages.props = Packages.props
		..\README.md = ..\README.md
	EndProjectSection
EndProject
Project("{9A19103F-16F7-4668-BE54-9A1E7A4F7556}") = "Stunts", "Stunts\Stunts\Stunts.csproj", "{AE46AE30-8002-4F2C-B368-44546B1D71D8}"
EndProject
Project("{9A19103F-16F7-4668-BE54-9A1E7A4F7556}") = "Moq.Sdk", "Moq\Moq.Sdk\Moq.Sdk.csproj", "{80DE507E-3AF9-4360-9E56-66523B01FB51}"
EndProject
Project("{9A19103F-16F7-4668-BE54-9A1E7A4F7556}") = "Moq.CodeAnalysis", "Moq\Moq.CodeAnalysis\Moq.CodeAnalysis.csproj", "{6496C171-32F2-47DD-A8EE-B99E9E26B6C6}"
EndProject
Project("{9A19103F-16F7-4668-BE54-9A1E7A4F7556}") = "Stunts.Sdk", "Stunts\Stunts.Sdk\Stunts.Sdk.csproj", "{493E8F90-2663-47EC-A2AE-E2440E6AE180}"
EndProject
Project("{9A19103F-16F7-4668-BE54-9A1E7A4F7556}") = "Stunts.CodeAnalysis", "Stunts\Stunts.CodeAnalysis\Stunts.CodeAnalysis.csproj", "{9ACA3490-778C-4C58-914C-87B9E7C15AC7}"
EndProject
Project("{2150E333-8FDC-42A3-9474-1A3956D46DE8}") = "Stunts", "Stunts", "{EEC3EC48-ACB2-4D25-B592-F360F676BE45}"
EndProject
Project("{9A19103F-16F7-4668-BE54-9A1E7A4F7556}") = "Moq.Sdk.Tests", "Moq\Moq.Sdk.Tests\Moq.Sdk.Tests.csproj", "{EB66BC5E-4072-4F26-9772-979D8561883F}"
EndProject
Project("{9A19103F-16F7-4668-BE54-9A1E7A4F7556}") = "Sample", "Samples\Sample\Sample.csproj", "{03D94BF7-F2BA-476D-BDBA-9E49048D7F03}"
EndProject
Project("{9A19103F-16F7-4668-BE54-9A1E7A4F7556}") = "Moq.Tests", "Moq\Moq.Tests\Moq.Tests.csproj", "{9A09225F-E0BC-4890-BED4-D9F6F5DAC146}"
	ProjectSection(ProjectDependencies) = postProject
		{6496C171-32F2-47DD-A8EE-B99E9E26B6C6} = {6496C171-32F2-47DD-A8EE-B99E9E26B6C6}
	EndProjectSection
EndProject
Project("{2150E333-8FDC-42A3-9474-1A3956D46DE8}") = "build", "build", "{1DBDFC27-21EC-4EAC-B51B-84EDC8DBB9D5}"
	ProjectSection(SolutionItems) = preProject
		build\PackageReference.CopyLocal.targets = build\PackageReference.CopyLocal.targets
		build\PackageReferences.targets = build\PackageReferences.targets
		build\Packaging.props = build\Packaging.props
		build\Packaging.targets = build\Packaging.targets
		build\Settings.props = build\Settings.props
		build\Settings.targets = build\Settings.targets
		build\Settings.Tests.props = build\Settings.Tests.props
		build\Settings.Tests.targets = build\Settings.Tests.targets
		build\Version.targets = build\Version.targets
	EndProjectSection
EndProject
Project("{9A19103F-16F7-4668-BE54-9A1E7A4F7556}") = "Stunts.Tests", "Stunts\Stunts.Tests\Stunts.Tests.csproj", "{EDBDA217-CA42-4C82-826F-7D990185EC0F}"
EndProject
Project("{9A19103F-16F7-4668-BE54-9A1E7A4F7556}") = "Stunts.CodeFix", "Stunts\Stunts.CodeFix\Stunts.CodeFix.csproj", "{A4D96CA3-75ED-43E4-B172-872EF2BCF128}"
EndProject
Project("{9A19103F-16F7-4668-BE54-9A1E7A4F7556}") = "Moq.CodeFix", "Moq\Moq.CodeFix\Moq.CodeFix.csproj", "{20370B86-1339-40F5-8A6E-ED15FE64112D}"
EndProject
Project("{D954291E-2A0B-460D-934E-DC6B0785DB48}") = "Moq.Testing", "Testing\Moq.Testing.shproj", "{1BD7DFDE-2FC8-4899-9903-6CA5724CC185}"
EndProject
Project("{13B669BE-BB05-4DDF-9536-439F39A36129}") = "Stunts.Package", "Stunts\Stunts.Package\Stunts.Package.msbuildproj", "{336A513F-BEC7-44EE-A720-F61E3A65410F}"
EndProject
Project("{13B669BE-BB05-4DDF-9536-439F39A36129}") = "Moq.Package", "Moq\Moq.Package\Moq.Package.msbuildproj", "{09C65B0B-9206-4682-9837-6B98936553C1}"
EndProject
Project("{9A19103F-16F7-4668-BE54-9A1E7A4F7556}") = "Stunts.DynamicProxy", "Emit\Stunts.DynamicProxy\Stunts.DynamicProxy.csproj", "{2FC48D20-CB36-4606-A9DC-22981DD13A3D}"
EndProject
Project("{9A19103F-16F7-4668-BE54-9A1E7A4F7556}") = "Moq.DynamicProxy", "Emit\Moq.DynamicProxy\Moq.DynamicProxy.csproj", "{BA43EF2F-6CA8-49A5-A4E7-C2FF71928F05}"
EndProject
Global
	GlobalSection(SharedMSBuildProjectFiles) = preSolution
		Testing\Moq.Testing.projitems*{1bd7dfde-2fc8-4899-9903-6ca5724cc185}*SharedItemsImports = 13
	EndGlobalSection
	GlobalSection(SolutionConfigurationPlatforms) = preSolution
		Debug|Any CPU = Debug|Any CPU
		Release|Any CPU = Release|Any CPU
	EndGlobalSection
	GlobalSection(ProjectConfigurationPlatforms) = postSolution
		{65F3AB28-9A74-405E-83B2-420D5AD5A459}.Debug|Any CPU.ActiveCfg = Debug|Any CPU
		{65F3AB28-9A74-405E-83B2-420D5AD5A459}.Debug|Any CPU.Build.0 = Debug|Any CPU
		{65F3AB28-9A74-405E-83B2-420D5AD5A459}.Release|Any CPU.ActiveCfg = Release|Any CPU
		{65F3AB28-9A74-405E-83B2-420D5AD5A459}.Release|Any CPU.Build.0 = Release|Any CPU
		{AE46AE30-8002-4F2C-B368-44546B1D71D8}.Debug|Any CPU.ActiveCfg = Debug|Any CPU
		{AE46AE30-8002-4F2C-B368-44546B1D71D8}.Debug|Any CPU.Build.0 = Debug|Any CPU
		{AE46AE30-8002-4F2C-B368-44546B1D71D8}.Release|Any CPU.ActiveCfg = Release|Any CPU
		{AE46AE30-8002-4F2C-B368-44546B1D71D8}.Release|Any CPU.Build.0 = Release|Any CPU
		{80DE507E-3AF9-4360-9E56-66523B01FB51}.Debug|Any CPU.ActiveCfg = Debug|Any CPU
		{80DE507E-3AF9-4360-9E56-66523B01FB51}.Debug|Any CPU.Build.0 = Debug|Any CPU
		{80DE507E-3AF9-4360-9E56-66523B01FB51}.Release|Any CPU.ActiveCfg = Release|Any CPU
		{80DE507E-3AF9-4360-9E56-66523B01FB51}.Release|Any CPU.Build.0 = Release|Any CPU
		{6496C171-32F2-47DD-A8EE-B99E9E26B6C6}.Debug|Any CPU.ActiveCfg = Debug|Any CPU
		{6496C171-32F2-47DD-A8EE-B99E9E26B6C6}.Debug|Any CPU.Build.0 = Debug|Any CPU
		{6496C171-32F2-47DD-A8EE-B99E9E26B6C6}.Release|Any CPU.ActiveCfg = Release|Any CPU
		{6496C171-32F2-47DD-A8EE-B99E9E26B6C6}.Release|Any CPU.Build.0 = Release|Any CPU
		{493E8F90-2663-47EC-A2AE-E2440E6AE180}.Debug|Any CPU.ActiveCfg = Debug|Any CPU
		{493E8F90-2663-47EC-A2AE-E2440E6AE180}.Debug|Any CPU.Build.0 = Debug|Any CPU
		{493E8F90-2663-47EC-A2AE-E2440E6AE180}.Release|Any CPU.ActiveCfg = Release|Any CPU
		{493E8F90-2663-47EC-A2AE-E2440E6AE180}.Release|Any CPU.Build.0 = Release|Any CPU
		{9ACA3490-778C-4C58-914C-87B9E7C15AC7}.Debug|Any CPU.ActiveCfg = Debug|Any CPU
		{9ACA3490-778C-4C58-914C-87B9E7C15AC7}.Debug|Any CPU.Build.0 = Debug|Any CPU
		{9ACA3490-778C-4C58-914C-87B9E7C15AC7}.Release|Any CPU.ActiveCfg = Release|Any CPU
		{9ACA3490-778C-4C58-914C-87B9E7C15AC7}.Release|Any CPU.Build.0 = Release|Any CPU
		{EB66BC5E-4072-4F26-9772-979D8561883F}.Debug|Any CPU.ActiveCfg = Debug|Any CPU
		{EB66BC5E-4072-4F26-9772-979D8561883F}.Debug|Any CPU.Build.0 = Debug|Any CPU
		{EB66BC5E-4072-4F26-9772-979D8561883F}.Release|Any CPU.ActiveCfg = Release|Any CPU
		{EB66BC5E-4072-4F26-9772-979D8561883F}.Release|Any CPU.Build.0 = Release|Any CPU
		{03D94BF7-F2BA-476D-BDBA-9E49048D7F03}.Debug|Any CPU.ActiveCfg = Debug|Any CPU
		{03D94BF7-F2BA-476D-BDBA-9E49048D7F03}.Debug|Any CPU.Build.0 = Debug|Any CPU
		{03D94BF7-F2BA-476D-BDBA-9E49048D7F03}.Release|Any CPU.ActiveCfg = Release|Any CPU
		{03D94BF7-F2BA-476D-BDBA-9E49048D7F03}.Release|Any CPU.Build.0 = Release|Any CPU
		{9A09225F-E0BC-4890-BED4-D9F6F5DAC146}.Debug|Any CPU.ActiveCfg = Debug|Any CPU
		{9A09225F-E0BC-4890-BED4-D9F6F5DAC146}.Debug|Any CPU.Build.0 = Debug|Any CPU
		{9A09225F-E0BC-4890-BED4-D9F6F5DAC146}.Release|Any CPU.ActiveCfg = Release|Any CPU
		{9A09225F-E0BC-4890-BED4-D9F6F5DAC146}.Release|Any CPU.Build.0 = Release|Any CPU
		{EDBDA217-CA42-4C82-826F-7D990185EC0F}.Debug|Any CPU.ActiveCfg = Debug|Any CPU
		{EDBDA217-CA42-4C82-826F-7D990185EC0F}.Debug|Any CPU.Build.0 = Debug|Any CPU
		{EDBDA217-CA42-4C82-826F-7D990185EC0F}.Release|Any CPU.ActiveCfg = Release|Any CPU
		{EDBDA217-CA42-4C82-826F-7D990185EC0F}.Release|Any CPU.Build.0 = Release|Any CPU
		{A4D96CA3-75ED-43E4-B172-872EF2BCF128}.Debug|Any CPU.ActiveCfg = Debug|Any CPU
		{A4D96CA3-75ED-43E4-B172-872EF2BCF128}.Debug|Any CPU.Build.0 = Debug|Any CPU
		{A4D96CA3-75ED-43E4-B172-872EF2BCF128}.Release|Any CPU.ActiveCfg = Release|Any CPU
		{A4D96CA3-75ED-43E4-B172-872EF2BCF128}.Release|Any CPU.Build.0 = Release|Any CPU
		{20370B86-1339-40F5-8A6E-ED15FE64112D}.Debug|Any CPU.ActiveCfg = Debug|Any CPU
		{20370B86-1339-40F5-8A6E-ED15FE64112D}.Debug|Any CPU.Build.0 = Debug|Any CPU
		{20370B86-1339-40F5-8A6E-ED15FE64112D}.Release|Any CPU.ActiveCfg = Release|Any CPU
		{20370B86-1339-40F5-8A6E-ED15FE64112D}.Release|Any CPU.Build.0 = Release|Any CPU
		{336A513F-BEC7-44EE-A720-F61E3A65410F}.Debug|Any CPU.ActiveCfg = Debug|Any CPU
		{336A513F-BEC7-44EE-A720-F61E3A65410F}.Debug|Any CPU.Build.0 = Debug|Any CPU
		{336A513F-BEC7-44EE-A720-F61E3A65410F}.Release|Any CPU.ActiveCfg = Release|Any CPU
		{336A513F-BEC7-44EE-A720-F61E3A65410F}.Release|Any CPU.Build.0 = Release|Any CPU
		{09C65B0B-9206-4682-9837-6B98936553C1}.Debug|Any CPU.ActiveCfg = Debug|Any CPU
		{09C65B0B-9206-4682-9837-6B98936553C1}.Debug|Any CPU.Build.0 = Debug|Any CPU
		{09C65B0B-9206-4682-9837-6B98936553C1}.Release|Any CPU.ActiveCfg = Release|Any CPU
		{09C65B0B-9206-4682-9837-6B98936553C1}.Release|Any CPU.Build.0 = Release|Any CPU
		{2FC48D20-CB36-4606-A9DC-22981DD13A3D}.Debug|Any CPU.ActiveCfg = Debug|Any CPU
		{2FC48D20-CB36-4606-A9DC-22981DD13A3D}.Debug|Any CPU.Build.0 = Debug|Any CPU
		{2FC48D20-CB36-4606-A9DC-22981DD13A3D}.Release|Any CPU.ActiveCfg = Release|Any CPU
		{2FC48D20-CB36-4606-A9DC-22981DD13A3D}.Release|Any CPU.Build.0 = Release|Any CPU
		{BA43EF2F-6CA8-49A5-A4E7-C2FF71928F05}.Debug|Any CPU.ActiveCfg = Debug|Any CPU
		{BA43EF2F-6CA8-49A5-A4E7-C2FF71928F05}.Debug|Any CPU.Build.0 = Debug|Any CPU
		{BA43EF2F-6CA8-49A5-A4E7-C2FF71928F05}.Release|Any CPU.ActiveCfg = Release|Any CPU
		{BA43EF2F-6CA8-49A5-A4E7-C2FF71928F05}.Release|Any CPU.Build.0 = Release|Any CPU
	EndGlobalSection
	GlobalSection(SolutionProperties) = preSolution
		HideSolutionNode = FALSE
	EndGlobalSection
	GlobalSection(NestedProjects) = preSolution
		{AE46AE30-8002-4F2C-B368-44546B1D71D8} = {EEC3EC48-ACB2-4D25-B592-F360F676BE45}
		{493E8F90-2663-47EC-A2AE-E2440E6AE180} = {EEC3EC48-ACB2-4D25-B592-F360F676BE45}
		{9ACA3490-778C-4C58-914C-87B9E7C15AC7} = {EEC3EC48-ACB2-4D25-B592-F360F676BE45}
		{1DBDFC27-21EC-4EAC-B51B-84EDC8DBB9D5} = {2093478C-CEA6-4034-BCDE-EDC7A5DD4532}
		{EDBDA217-CA42-4C82-826F-7D990185EC0F} = {EEC3EC48-ACB2-4D25-B592-F360F676BE45}
		{A4D96CA3-75ED-43E4-B172-872EF2BCF128} = {EEC3EC48-ACB2-4D25-B592-F360F676BE45}
		{336A513F-BEC7-44EE-A720-F61E3A65410F} = {EEC3EC48-ACB2-4D25-B592-F360F676BE45}
		{2FC48D20-CB36-4606-A9DC-22981DD13A3D} = {EEC3EC48-ACB2-4D25-B592-F360F676BE45}
	EndGlobalSection
	GlobalSection(ExtensibilityGlobals) = postSolution
		SolutionGuid = {DA4CFD03-827D-482B-9304-83456D2A8115}
	EndGlobalSection
EndGlobal
