
Microsoft Visual Studio Solution File, Format Version 12.00
# Visual Studio 15
VisualStudioVersion = 15.0.27110.0
MinimumVisualStudioVersion = 10.0.40219.1
Project("{9A19103F-16F7-4668-BE54-9A1E7A4F7556}") = "Stunts", "Stunts\Stunts\Stunts.csproj", "{F15D4684-C048-4349-9EFA-D2C036C43E9C}"
EndProject
Project("{9A19103F-16F7-4668-BE54-9A1E7A4F7556}") = "Stunts.Internal", "Stunts\Stunts.Internal\Stunts.Internal.csproj", "{6AD80F39-063B-4F37-9624-7955EC0E6008}"
EndProject
Project("{9A19103F-16F7-4668-BE54-9A1E7A4F7556}") = "Stunts.Sdk", "Stunts\Stunts.Sdk\Stunts.Sdk.csproj", "{80B6A279-ED30-4069-8510-EAF3A139EA7D}"
EndProject
Project("{9A19103F-16F7-4668-BE54-9A1E7A4F7556}") = "Stunts.Tests", "Stunts\Stunts.Tests\Stunts.Tests.csproj", "{1320496D-6348-42B0-95F5-BA7891EF0096}"
EndProject
Project("{9A19103F-16F7-4668-BE54-9A1E7A4F7556}") = "Stunts.Analyzer", "Stunts\Stunts.Analyzer\Stunts.Analyzer.csproj", "{3C2F7D4C-D10A-439C-B986-FF51664CD895}"
EndProject
Project("{9A19103F-16F7-4668-BE54-9A1E7A4F7556}") = "Sample", "Samples\Sample\Sample.csproj", "{F801B6E7-70DA-46FE-937D-199BB00E7647}"
EndProject
Project("{2150E333-8FDC-42A3-9474-1A3956D46DE8}") = "Solution Items", "Solution Items", "{F21FA4AF-78AF-49BA-8D5E-C45C95365326}"
	ProjectSection(SolutionItems) = preProject
	EndProjectSection
EndProject
Project("{5DD5E4FA-CB73-4610-85AB-557B54E96AA9}") = "Stunts.Package", "Stunts\Stunts.Package\Stunts.Package.nuproj", "{91F9A526-E62C-491B-8774-88A61BDF1E1A}"
EndProject
Global
	GlobalSection(SolutionConfigurationPlatforms) = preSolution
		Debug|Any CPU = Debug|Any CPU
		Release|Any CPU = Release|Any CPU
	EndGlobalSection
	GlobalSection(ProjectConfigurationPlatforms) = postSolution
		{F15D4684-C048-4349-9EFA-D2C036C43E9C}.Debug|Any CPU.ActiveCfg = Debug|Any CPU
		{F15D4684-C048-4349-9EFA-D2C036C43E9C}.Debug|Any CPU.Build.0 = Debug|Any CPU
		{F15D4684-C048-4349-9EFA-D2C036C43E9C}.Release|Any CPU.ActiveCfg = Release|Any CPU
		{F15D4684-C048-4349-9EFA-D2C036C43E9C}.Release|Any CPU.Build.0 = Release|Any CPU
		{6AD80F39-063B-4F37-9624-7955EC0E6008}.Debug|Any CPU.ActiveCfg = Debug|Any CPU
		{6AD80F39-063B-4F37-9624-7955EC0E6008}.Debug|Any CPU.Build.0 = Debug|Any CPU
		{6AD80F39-063B-4F37-9624-7955EC0E6008}.Release|Any CPU.ActiveCfg = Release|Any CPU
		{6AD80F39-063B-4F37-9624-7955EC0E6008}.Release|Any CPU.Build.0 = Release|Any CPU
		{80B6A279-ED30-4069-8510-EAF3A139EA7D}.Debug|Any CPU.ActiveCfg = Debug|Any CPU
		{80B6A279-ED30-4069-8510-EAF3A139EA7D}.Debug|Any CPU.Build.0 = Debug|Any CPU
		{80B6A279-ED30-4069-8510-EAF3A139EA7D}.Release|Any CPU.ActiveCfg = Release|Any CPU
		{80B6A279-ED30-4069-8510-EAF3A139EA7D}.Release|Any CPU.Build.0 = Release|Any CPU
		{1320496D-6348-42B0-95F5-BA7891EF0096}.Debug|Any CPU.ActiveCfg = Debug|Any CPU
		{1320496D-6348-42B0-95F5-BA7891EF0096}.Debug|Any CPU.Build.0 = Debug|Any CPU
		{1320496D-6348-42B0-95F5-BA7891EF0096}.Release|Any CPU.ActiveCfg = Release|Any CPU
		{1320496D-6348-42B0-95F5-BA7891EF0096}.Release|Any CPU.Build.0 = Release|Any CPU
		{3C2F7D4C-D10A-439C-B986-FF51664CD895}.Debug|Any CPU.ActiveCfg = Debug|Any CPU
		{3C2F7D4C-D10A-439C-B986-FF51664CD895}.Debug|Any CPU.Build.0 = Debug|Any CPU
		{3C2F7D4C-D10A-439C-B986-FF51664CD895}.Release|Any CPU.ActiveCfg = Release|Any CPU
		{3C2F7D4C-D10A-439C-B986-FF51664CD895}.Release|Any CPU.Build.0 = Release|Any CPU
		{F801B6E7-70DA-46FE-937D-199BB00E7647}.Debug|Any CPU.ActiveCfg = Debug|Any CPU
		{F801B6E7-70DA-46FE-937D-199BB00E7647}.Debug|Any CPU.Build.0 = Debug|Any CPU
		{F801B6E7-70DA-46FE-937D-199BB00E7647}.Release|Any CPU.ActiveCfg = Release|Any CPU
		{F801B6E7-70DA-46FE-937D-199BB00E7647}.Release|Any CPU.Build.0 = Release|Any CPU
		{91F9A526-E62C-491B-8774-88A61BDF1E1A}.Debug|Any CPU.ActiveCfg = Debug|Any CPU
		{91F9A526-E62C-491B-8774-88A61BDF1E1A}.Debug|Any CPU.Build.0 = Debug|Any CPU
		{91F9A526-E62C-491B-8774-88A61BDF1E1A}.Release|Any CPU.ActiveCfg = Release|Any CPU
		{91F9A526-E62C-491B-8774-88A61BDF1E1A}.Release|Any CPU.Build.0 = Release|Any CPU
	EndGlobalSection
	GlobalSection(SolutionProperties) = preSolution
		HideSolutionNode = FALSE
	EndGlobalSection
	GlobalSection(ExtensibilityGlobals) = postSolution
		SolutionGuid = {BA56F22C-8978-49E8-B6C1-5D28B14D6C1D}
	EndGlobalSection
EndGlobal
